# This lock file was generated by conda-lock (https://github.com/conda/conda-lock). DO NOT EDIT!
#
# Trimmed fixture for the tests: a real `conda-lock lock` output for
# linux-64 + osx-arm64 reduced to a handful of packages, plus one `dev`
# category entry so category filtering is exercised.
version: 1
metadata:
  content_hash:
    linux-64: 13c61bcc604ba081c2aa9fb5fd9342b644f0061512d039535d07b3fe5e103103
    osx-arm64: 9cc1640207b2f4029212ffa63843856971993bf0b0ebf445aaf25cbf085a8cc8
  channels:
  - url: conda-forge
    used_env_vars: []
  platforms:
  - linux-64
  - osx-arm64
  sources:
  - environment.yml
package:
- name: click
  version: 8.5.0
  manager: conda
  platform: linux-64
  dependencies:
    python: '>=3.11'
  url: https://conda.anaconda.org/conda-forge/noarch/click-8.5.0-pyh5ded981_0.conda
  hash:
    md5: dea5b13a211bbf99876deb980b408a66
    sha256: 9afb0c2c089330321a219c7ee5a25313bd574d4024be606cbb33e7a5735df662
  category: main
  optional: false
- name: itsdangerous
  version: 2.2.0
  manager: pip
  platform: linux-64
  dependencies: {}
  url: https://files.pythonhosted.org/packages/04/96/92447566d16df59b2a776c0fb82dbc4d9e07cd95062562af01e408583fc4/itsdangerous-2.2.0-py3-none-any.whl
  hash:
    sha256: c6242fc49e35958c8b15141343aa660db5fc54d4f13a1db01a3f5891b98700ef
  category: main
  optional: false
- name: libzlib
  version: 1.3.2
  manager: conda
  platform: linux-64
  dependencies:
    __glibc: '>=2.17,<3.0.a0'
  url: https://conda.anaconda.org/conda-forge/linux-64/libzlib-1.3.2-h25fd6f3_3.conda
  hash:
    md5: 0de0122d9570a8ab637c6b73db268389
    sha256: eb8a0db0aa570124f7d2a93d7c7f596e3390df5e047818d873baad32985fc736
  category: main
  optional: false
- name: pytest
  version: 8.3.4
  manager: conda
  platform: linux-64
  dependencies:
    python: '>=3.8'
  url: https://conda.anaconda.org/conda-forge/noarch/pytest-8.3.4-pyhd8ed1ab_1.conda
  hash:
    md5: 1e3aff29ce703d421c43f371ad676cc5
    sha256: 1ba1b885a9f4c1dfbd51ef1a3d0a0f4b0e5dba1b0e6b1e1e0dbb3f06b1c6a0f2
  category: dev
  optional: true
- name: python
  version: 3.12.14
  manager: conda
  platform: linux-64
  dependencies:
    __glibc: '>=2.17,<3.0.a0'
    bzip2: '>=1.0.8,<2.0a0'
    ld_impl_linux-64: '>=2.36.1'
    libexpat: '>=2.8.1,<3.0a0'
    libffi: '>=3.7.0,<3.8.0a0'
    libgcc: '>=15'
    liblzma: '>=5.8.3,<6.0a0'
    libnsl: '>=2.0.1,<2.1.0a0'
    libpython: 3.12.14
    libsqlite: '>=3.53.4,<4.0a0'
    libuuid: '>=2.42.3,<3.0a0'
    libxcrypt: '>=4.4.38'
    libzlib: '>=1.3.2,<2.0a0'
    ncurses: '>=6.6,<7.0a0'
    openssl: '>=3.5.8,<4.0a0'
    readline: '>=8.3,<9.0a0'
    tk: '>=8.6.13,<8.7.0a0'
    tzdata: ''
  url: https://conda.anaconda.org/conda-forge/linux-64/python-3.12.14-h5f976f7_3_cpython.conda
  hash:
    md5: 98be3cf76eca2e8871f907a03aed3b84
    sha256: 14c579b1016da04e4c9f1c5c857272d83ec447317d8c4074a07d59de3cef70ef
  category: main
  optional: false
- name: click
  version: 8.5.0
  manager: conda
  platform: osx-arm64
  dependencies:
    python: '>=3.11'
  url: https://conda.anaconda.org/conda-forge/noarch/click-8.5.0-pyh5ded981_0.conda
  hash:
    md5: dea5b13a211bbf99876deb980b408a66
    sha256: 9afb0c2c089330321a219c7ee5a25313bd574d4024be606cbb33e7a5735df662
  category: main
  optional: false
- name: itsdangerous
  version: 2.2.0
  manager: pip
  platform: osx-arm64
  dependencies: {}
  url: https://files.pythonhosted.org/packages/04/96/92447566d16df59b2a776c0fb82dbc4d9e07cd95062562af01e408583fc4/itsdangerous-2.2.0-py3-none-any.whl
  hash:
    sha256: c6242fc49e35958c8b15141343aa660db5fc54d4f13a1db01a3f5891b98700ef
  category: main
  optional: false
- name: libzlib
  version: 1.3.1
  manager: conda
  platform: osx-arm64
  dependencies: {}
  url: https://conda.anaconda.org/conda-forge/osx-arm64/libzlib-1.3.1-h0d3ecfb_0.conda
  hash:
    md5: 2a2463424cc5e961a6d04bbbfb5838cf
    sha256: 9c59bd3f3e3e1900620e3a85c04d3a3699cb93c714333d06cb8afdd7addaae9d
  category: main
  optional: false
- name: python
  version: 3.12.2
  manager: conda
  platform: osx-arm64
  dependencies:
    bzip2: '>=1.0.8,<2.0a0'
    libexpat: '>=2.5.0,<3.0a0'
    libffi: '>=3.4,<4.0a0'
    libsqlite: '>=3.45.1,<4.0a0'
    libzlib: '>=1.2.13,<2.0.0a0'
    ncurses: '>=6.4,<7.0a0'
    openssl: '>=3.2.1,<4.0a0'
    readline: '>=8.2,<9.0a0'
    tk: '>=8.6.13,<8.7.0a0'
    tzdata: ''
    xz: '>=5.2.6,<6.0a0'
  url: https://conda.anaconda.org/conda-forge/osx-arm64/python-3.12.2-hdf0ec26_0_cpython.conda
  hash:
    md5: 85e91138ae921a2771f57a50120272bd
    sha256: ccd6c55a286d51d907c878ed2bfa7d1becce0fee71374a9386c5eb90d803ac72
  category: main
  optional: false
